{
  "originHash" : "68fb09fecf86abdd21f3d12aa9c450397585420d260bf4bdeba89b001cde098f",
  "pins" : [
    {
      "identity" : "nimbus-updater",
      "kind" : "remoteSourceControl",
      "location" : "https://github.com/njoubert/nimbus-updater.git",
      "state" : {
        "revision" : "040c188f32271981ca25c69e1d26f5b17cfe6dff",
        "version" : "1.4.0"
      }
    }
  ],
  "version" : 3
}
