{
  "originHash" : "68fb09fecf86abdd21f3d12aa9c450397585420d260bf4bdeba89b001cde098f",
  "pins" : [
    {
      "identity" : "nimbus-updater",
      "kind" : "remoteSourceControl",
      "location" : "https://github.com/njoubert/nimbus-updater.git",
      "state" : {
        "revision" : "c308e01ff4b15e568ab6e91c12c81e8ef9d21bc1",
        "version" : "1.3.0"
      }
    }
  ],
  "version" : 3
}
